// !$*UTF8*$!
{
	archiveVersion = 1;
	classes = {
	};
	objectVersion = 46;
	objects = {

/* Begin PBXBuildFile section */
		D006C24C1820A752002525B1 /* pricedown.otf in Resources */ = {isa = PBXBuildFile; fileRef = D006C24B1820A752002525B1 /* pricedown.otf */; };
		D006C24E1820AB05002525B1 /* v-logo.png in Resources */ = {isa = PBXBuildFile; fileRef = D006C24D1820AB05002525B1 /* v-logo.png */; };
		D053D55617FFA108001789A2 /* Foundation.framework in Frameworks */ = {isa = PBXBuildFile; fileRef = D053D55517FFA108001789A2 /* Foundation.framework */; };
		D053D55817FFA108001789A2 /* CoreGraphics.framework in Frameworks */ = {isa = PBXBuildFile; fileRef = D053D55717FFA108001789A2 /* CoreGraphics.framework */; };
		D053D55A17FFA108001789A2 /* UIKit.framework in Frameworks */ = {isa = PBXBuildFile; fileRef = D053D55917FFA108001789A2 /* UIKit.framework */; };
		D053D56017FFA108001789A2 /* InfoPlist.strings in Resources */ = {isa = PBXBuildFile; fileRef = D053D55E17FFA108001789A2 /* InfoPlist.strings */; };
		D053D56217FFA108001789A2 /* main.m in Sources */ = {isa = PBXBuildFile; fileRef = D053D56117FFA108001789A2 /* main.m */; };
		D053D56617FFA109001789A2 /* GTAAppDelegate.m in Sources */ = {isa = PBXBuildFile; fileRef = D053D56517FFA109001789A2 /* GTAAppDelegate.m */; };
		D053D56917FFA109001789A2 /* Main.storyboard in Resources */ = {isa = PBXBuildFile; fileRef = D053D56717FFA109001789A2 /* Main.storyboard */; };
		D053D56C17FFA109001789A2 /* GTAViewController.m in Sources */ = {isa = PBXBuildFile; fileRef = D053D56B17FFA109001789A2 /* GTAViewController.m */; };
		D053D56E17FFA109001789A2 /* Images.xcassets in Resources */ = {isa = PBXBuildFile; fileRef = D053D56D17FFA109001789A2 /* Images.xcassets */; };
		D053D57517FFA109001789A2 /* XCTest.framework in Frameworks */ = {isa = PBXBuildFile; fileRef = D053D57417FFA109001789A2 /* XCTest.framework */; };
		D053D57617FFA109001789A2 /* Foundation.framework in Frameworks */ = {isa = PBXBuildFile; fileRef = D053D55517FFA108001789A2 /* Foundation.framework */; };
		D053D57717FFA109001789A2 /* UIKit.framework in Frameworks */ = {isa = PBXBuildFile; fileRef = D053D55917FFA108001789A2 /* UIKit.framework */; };
		D053D57F17FFA109001789A2 /* InfoPlist.strings in Resources */ = {isa = PBXBuildFile; fileRef = D053D57D17FFA109001789A2 /* InfoPlist.strings */; };
		D053D58117FFA109001789A2 /* GTAVCheatsTests.m in Sources */ = {isa = PBXBuildFile; fileRef = D053D58017FFA109001789A2 /* GTAVCheatsTests.m */; };
		D053D58C17FFCEEB001789A2 /* PS3ViewController.m in Sources */ = {isa = PBXBuildFile; fileRef = D053D58B17FFCEEB001789A2 /* PS3ViewController.m */; };
		D053D58F17FFCF6E001789A2 /* CheatDetailViewController.m in Sources */ = {isa = PBXBuildFile; fileRef = D053D58E17FFCF6E001789A2 /* CheatDetailViewController.m */; };
		D08A7BAB1810BCB500A0D7ED /* i.png in Resources */ = {isa = PBXBuildFile; fileRef = D08A7BAA1810BCB500A0D7ED /* i.png */; };
		D08A7BAD1810BCDB00A0D7ED /* i@2x.png in Resources */ = {isa = PBXBuildFile; fileRef = D08A7BAC1810BCDB00A0D7ED /* i@2x.png */; };
		D08A7BB01810BD1C00A0D7ED /* p.png in Resources */ = {isa = PBXBuildFile; fileRef = D08A7BAE1810BD1C00A0D7ED /* p.png */; };
		D08A7BB11810BD1C00A0D7ED /* p@2x.png in Resources */ = {isa = PBXBuildFile; fileRef = D08A7BAF1810BD1C00A0D7ED /* p@2x.png */; };
		D08A7BB41810BD2600A0D7ED /* x.png in Resources */ = {isa = PBXBuildFile; fileRef = D08A7BB21810BD2600A0D7ED /* x.png */; };
		D08A7BB51810BD2600A0D7ED /* x@2x.png in Resources */ = {isa = PBXBuildFile; fileRef = D08A7BB31810BD2600A0D7ED /* x@2x.png */; };
		D08A7BB81810BD8200A0D7ED /* doc.png in Resources */ = {isa = PBXBuildFile; fileRef = D08A7BB61810BD8200A0D7ED /* doc.png */; };
		D08A7BB91810BD8200A0D7ED /* doc@2x.png in Resources */ = {isa = PBXBuildFile; fileRef = D08A7BB71810BD8200A0D7ED /* doc@2x.png */; };
		D08F49571806388D009573B9 /* gta5.jpg in Resources */ = {isa = PBXBuildFile; fileRef = D08F49561806388D009573B9 /* gta5.jpg */; };
		D08F495918064303009573B9 /* gta5small.jpg in Resources */ = {isa = PBXBuildFile; fileRef = D08F495818064303009573B9 /* gta5small.jpg */; };
		D0954FD81800D482008F99C9 /* AudioToolbox.framework in Frameworks */ = {isa = PBXBuildFile; fileRef = D0954FD71800D482008F99C9 /* AudioToolbox.framework */; };
		D0954FDA1800D489008F99C9 /* AVFoundation.framework in Frameworks */ = {isa = PBXBuildFile; fileRef = D0954FD91800D489008F99C9 /* AVFoundation.framework */; };
		D0954FDC1801E3B7008F99C9 /* iAd.framework in Frameworks */ = {isa = PBXBuildFile; fileRef = D0954FDB1801E3B7008F99C9 /* iAd.framework */; };
		DE9F15763524480195BF92E6 /* libPods.a in Frameworks */ = {isa = PBXBuildFile; fileRef = 4477E254816A4185AEE8C74F /* libPods.a */; };
/* End PBXBuildFile section */

/* Begin PBXContainerItemProxy section */
		D053D57817FFA109001789A2 /* PBXContainerItemProxy */ = {
			isa = PBXContainerItemProxy;
			containerPortal = D053D54A17FFA108001789A2 /* Project object */;
			proxyType = 1;
			remoteGlobalIDString = D053D55117FFA108001789A2;
			remoteInfo = GTAVCheats;
		};
/* End PBXContainerItemProxy section */

/* Begin PBXFileReference section */
		4477E254816A4185AEE8C74F /* libPods.a */ = {isa = PBXFileReference; explicitFileType = archive.ar; includeInIndex = 0; path = libPods.a; sourceTree = BUILT_PRODUCTS_DIR; };
		B261EBA7F19B4E81894072F9 /* Pods.xcconfig */ = {isa = PBXFileReference; includeInIndex = 1; lastKnownFileType = text.xcconfig; name = Pods.xcconfig; path = Pods/Pods.xcconfig; sourceTree = SOURCE_ROOT; };
		D006C24B1820A752002525B1 /* pricedown.otf */ = {isa = PBXFileReference; lastKnownFileType = file; path = pricedown.otf; sourceTree = "<group>"; };
		D006C24D1820AB05002525B1 /* v-logo.png */ = {isa = PBXFileReference; lastKnownFileType = image.png; path = "v-logo.png"; sourceTree = "<group>"; };
		D053D55217FFA108001789A2 /* GTAVCheats.app */ = {isa = PBXFileReference; explicitFileType = wrapper.application; includeInIndex = 0; path = GTAVCheats.app; sourceTree = BUILT_PRODUCTS_DIR; };
		D053D55517FFA108001789A2 /* Foundation.framework */ = {isa = PBXFileReference; lastKnownFileType = wrapper.framework; name = Foundation.framework; path = System/Library/Frameworks/Foundation.framework; sourceTree = SDKROOT; };
		D053D55717FFA108001789A2 /* CoreGraphics.framework */ = {isa = PBXFileReference; lastKnownFileType = wrapper.framework; name = CoreGraphics.framework; path = System/Library/Frameworks/CoreGraphics.framework; sourceTree = SDKROOT; };
		D053D55917FFA108001789A2 /* UIKit.framework */ = {isa = PBXFileReference; lastKnownFileType = wrapper.framework; name = UIKit.framework; path = System/Library/Frameworks/UIKit.framework; sourceTree = SDKROOT; };
		D053D55D17FFA108001789A2 /* GTAVCheats-Info.plist */ = {isa = PBXFileReference; lastKnownFileType = text.plist.xml; path = "GTAVCheats-Info.plist"; sourceTree = "<group>"; };
		D053D55F17FFA108001789A2 /* en */ = {isa = PBXFileReference; lastKnownFileType = text.plist.strings; name = en; path = en.lproj/InfoPlist.strings; sourceTree = "<group>"; };
		D053D56117FFA108001789A2 /* main.m */ = {isa = PBXFileReference; lastKnownFileType = sourcecode.c.objc; path = main.m; sourceTree = "<group>"; };
		D053D56317FFA108001789A2 /* GTAVCheats-Prefix.pch */ = {isa = PBXFileReference; lastKnownFileType = sourcecode.c.h; path = "GTAVCheats-Prefix.pch"; sourceTree = "<group>"; };
		D053D56417FFA109001789A2 /* GTAAppDelegate.h */ = {isa = PBXFileReference; lastKnownFileType = sourcecode.c.h; path = GTAAppDelegate.h; sourceTree = "<group>"; };
		D053D56517FFA109001789A2 /* GTAAppDelegate.m */ = {isa = PBXFileReference; lastKnownFileType = sourcecode.c.objc; path = GTAAppDelegate.m; sourceTree = "<group>"; };
		D053D56817FFA109001789A2 /* Base */ = {isa = PBXFileReference; lastKnownFileType = file.storyboard; name = Base; path = Base.lproj/Main.storyboard; sourceTree = "<group>"; };
		D053D56A17FFA109001789A2 /* GTAViewController.h */ = {isa = PBXFileReference; lastKnownFileType = sourcecode.c.h; path = GTAViewController.h; sourceTree = "<group>"; };
		D053D56B17FFA109001789A2 /* GTAViewController.m */ = {isa = PBXFileReference; lastKnownFileType = sourcecode.c.objc; path = GTAViewController.m; sourceTree = "<group>"; };
		D053D56D17FFA109001789A2 /* Images.xcassets */ = {isa = PBXFileReference; lastKnownFileType = folder.assetcatalog; path = Images.xcassets; sourceTree = "<group>"; };
		D053D57317FFA109001789A2 /* GTAVCheatsTests.xctest */ = {isa = PBXFileReference; explicitFileType = wrapper.cfbundle; includeInIndex = 0; path = GTAVCheatsTests.xctest; sourceTree = BUILT_PRODUCTS_DIR; };
		D053D57417FFA109001789A2 /* XCTest.framework */ = {isa = PBXFileReference; lastKnownFileType = wrapper.framework; name = XCTest.framework; path = Library/Frameworks/XCTest.framework; sourceTree = DEVELOPER_DIR; };
		D053D57C17FFA109001789A2 /* GTAVCheatsTests-Info.plist */ = {isa = PBXFileReference; lastKnownFileType = text.plist.xml; path = "GTAVCheatsTests-Info.plist"; sourceTree = "<group>"; };
		D053D57E17FFA109001789A2 /* en */ = {isa = PBXFileReference; lastKnownFileType = text.plist.strings; name = en; path = en.lproj/InfoPlist.strings; sourceTree = "<group>"; };
		D053D58017FFA109001789A2 /* GTAVCheatsTests.m */ = {isa = PBXFileReference; lastKnownFileType = sourcecode.c.objc; path = GTAVCheatsTests.m; sourceTree = "<group>"; };
		D053D58A17FFCEEB001789A2 /* PS3ViewController.h */ = {isa = PBXFileReference; fileEncoding = 4; lastKnownFileType = sourcecode.c.h; path = PS3ViewController.h; sourceTree = "<group>"; };
		D053D58B17FFCEEB001789A2 /* PS3ViewController.m */ = {isa = PBXFileReference; fileEncoding = 4; lastKnownFileType = sourcecode.c.objc; path = PS3ViewController.m; sourceTree = "<group>"; };
		D053D58D17FFCF6E001789A2 /* CheatDetailViewController.h */ = {isa = PBXFileReference; fileEncoding = 4; lastKnownFileType = sourcecode.c.h; path = CheatDetailViewController.h; sourceTree = "<group>"; };
		D053D58E17FFCF6E001789A2 /* CheatDetailViewController.m */ = {isa = PBXFileReference; fileEncoding = 4; lastKnownFileType = sourcecode.c.objc; path = CheatDetailViewController.m; sourceTree = "<group>"; };
		D08A7BAA1810BCB500A0D7ED /* i.png */ = {isa = PBXFileReference; lastKnownFileType = image.png; path = i.png; sourceTree = "<group>"; };
		D08A7BAC1810BCDB00A0D7ED /* i@2x.png */ = {isa = PBXFileReference; lastKnownFileType = image.png; path = "i@2x.png"; sourceTree = "<group>"; };
		D08A7BAE1810BD1C00A0D7ED /* p.png */ = {isa = PBXFileReference; lastKnownFileType = image.png; path = p.png; sourceTree = "<group>"; };
		D08A7BAF1810BD1C00A0D7ED /* p@2x.png */ = {isa = PBXFileReference; lastKnownFileType = image.png; path = "p@2x.png"; sourceTree = "<group>"; };
		D08A7BB21810BD2600A0D7ED /* x.png */ = {isa = PBXFileReference; lastKnownFileType = image.png; path = x.png; sourceTree = "<group>"; };
		D08A7BB31810BD2600A0D7ED /* x@2x.png */ = {isa = PBXFileReference; lastKnownFileType = image.png; path = "x@2x.png"; sourceTree = "<group>"; };
		D08A7BB61810BD8200A0D7ED /* doc.png */ = {isa = PBXFileReference; lastKnownFileType = image.png; path = doc.png; sourceTree = "<group>"; };
		D08A7BB71810BD8200A0D7ED /* doc@2x.png */ = {isa = PBXFileReference; lastKnownFileType = image.png; path = "doc@2x.png"; sourceTree = "<group>"; };
		D08F49561806388D009573B9 /* gta5.jpg */ = {isa = PBXFileReference; lastKnownFileType = image.jpeg; name = gta5.jpg; path = ../../../../Desktop/gta5.jpg; sourceTree = "<group>"; };
		D08F495818064303009573B9 /* gta5small.jpg */ = {isa = PBXFileReference; lastKnownFileType = image.jpeg; name = gta5small.jpg; path = ../../../../Desktop/gta5small.jpg; sourceTree = "<group>"; };
		D0954FD71800D482008F99C9 /* AudioToolbox.framework */ = {isa = PBXFileReference; lastKnownFileType = wrapper.framework; name = AudioToolbox.framework; path = System/Library/Frameworks/AudioToolbox.framework; sourceTree = SDKROOT; };
		D0954FD91800D489008F99C9 /* AVFoundation.framework */ = {isa = PBXFileReference; lastKnownFileType = wrapper.framework; name = AVFoundation.framework; path = System/Library/Frameworks/AVFoundation.framework; sourceTree = SDKROOT; };
		D0954FDB1801E3B7008F99C9 /* iAd.framework */ = {isa = PBXFileReference; lastKnownFileType = wrapper.framework; name = iAd.framework; path = System/Library/Frameworks/iAd.framework; sourceTree = SDKROOT; };
/* End PBXFileReference section */

/* Begin PBXFrameworksBuildPhase section */
		D053D54F17FFA108001789A2 /* Frameworks */ = {
			isa = PBXFrameworksBuildPhase;
			buildActionMask = 2147483647;
			files = (
				D0954FDC1801E3B7008F99C9 /* iAd.framework in Frameworks */,
				D0954FDA1800D489008F99C9 /* AVFoundation.framework in Frameworks */,
				D0954FD81800D482008F99C9 /* AudioToolbox.framework in Frameworks */,
				D053D55817FFA108001789A2 /* CoreGraphics.framework in Frameworks */,
				D053D55A17FFA108001789A2 /* UIKit.framework in Frameworks */,
				D053D55617FFA108001789A2 /* Foundation.framework in Frameworks */,
				DE9F15763524480195BF92E6 /* libPods.a in Frameworks */,
			);
			runOnlyForDeploymentPostprocessing = 0;
		};
		D053D57017FFA109001789A2 /* Frameworks */ = {
			isa = PBXFrameworksBuildPhase;
			buildActionMask = 2147483647;
			files = (
				D053D57517FFA109001789A2 /* XCTest.framework in Frameworks */,
				D053D57717FFA109001789A2 /* UIKit.framework in Frameworks */,
				D053D57617FFA109001789A2 /* Foundation.framework in Frameworks */,
			);
			runOnlyForDeploymentPostprocessing = 0;
		};
/* End PBXFrameworksBuildPhase section */

/* Begin PBXGroup section */
		D053D54917FFA108001789A2 = {
			isa = PBXGroup;
			children = (
				D053D55B17FFA108001789A2 /* GTAVCheats */,
				D053D57A17FFA109001789A2 /* GTAVCheatsTests */,
				D053D55417FFA108001789A2 /* Frameworks */,
				D053D55317FFA108001789A2 /* Products */,
				B261EBA7F19B4E81894072F9 /* Pods.xcconfig */,
			);
			sourceTree = "<group>";
		};
		D053D55317FFA108001789A2 /* Products */ = {
			isa = PBXGroup;
			children = (
				D053D55217FFA108001789A2 /* GTAVCheats.app */,
				D053D57317FFA109001789A2 /* GTAVCheatsTests.xctest */,
			);
			name = Products;
			sourceTree = "<group>";
		};
		D053D55417FFA108001789A2 /* Frameworks */ = {
			isa = PBXGroup;
			children = (
				D0954FDB1801E3B7008F99C9 /* iAd.framework */,
				D0954FD91800D489008F99C9 /* AVFoundation.framework */,
				D0954FD71800D482008F99C9 /* AudioToolbox.framework */,
				D053D55517FFA108001789A2 /* Foundation.framework */,
				D053D55717FFA108001789A2 /* CoreGraphics.framework */,
				D053D55917FFA108001789A2 /* UIKit.framework */,
				D053D57417FFA109001789A2 /* XCTest.framework */,
				4477E254816A4185AEE8C74F /* libPods.a */,
			);
			name = Frameworks;
			sourceTree = "<group>";
		};
		D053D55B17FFA108001789A2 /* GTAVCheats */ = {
			isa = PBXGroup;
			children = (
				D053D58A17FFCEEB001789A2 /* PS3ViewController.h */,
				D053D58B17FFCEEB001789A2 /* PS3ViewController.m */,
				D053D56417FFA109001789A2 /* GTAAppDelegate.h */,
				D053D56517FFA109001789A2 /* GTAAppDelegate.m */,
				D053D56717FFA109001789A2 /* Main.storyboard */,
				D053D56A17FFA109001789A2 /* GTAViewController.h */,
				D053D56B17FFA109001789A2 /* GTAViewController.m */,
				D053D58D17FFCF6E001789A2 /* CheatDetailViewController.h */,
				D053D58E17FFCF6E001789A2 /* CheatDetailViewController.m */,
				D053D56D17FFA109001789A2 /* Images.xcassets */,
				D053D55C17FFA108001789A2 /* Supporting Files */,
			);
			path = GTAVCheats;
			sourceTree = "<group>";
		};
		D053D55C17FFA108001789A2 /* Supporting Files */ = {
			isa = PBXGroup;
			children = (
				D006C24D1820AB05002525B1 /* v-logo.png */,
				D006C24B1820A752002525B1 /* pricedown.otf */,
				D08A7BAE1810BD1C00A0D7ED /* p.png */,
				D08A7BB21810BD2600A0D7ED /* x.png */,
				D08A7BB61810BD8200A0D7ED /* doc.png */,
				D08A7BB71810BD8200A0D7ED /* doc@2x.png */,
				D08A7BB31810BD2600A0D7ED /* x@2x.png */,
				D08A7BAF1810BD1C00A0D7ED /* p@2x.png */,
				D08A7BAC1810BCDB00A0D7ED /* i@2x.png */,
				D08A7BAA1810BCB500A0D7ED /* i.png */,
				D08F495818064303009573B9 /* gta5small.jpg */,
				D053D55D17FFA108001789A2 /* GTAVCheats-Info.plist */,
				D08F49561806388D009573B9 /* gta5.jpg */,
				D053D55E17FFA108001789A2 /* InfoPlist.strings */,
				D053D56117FFA108001789A2 /* main.m */,
				D053D56317FFA108001789A2 /* GTAVCheats-Prefix.pch */,
			);
			name = "Supporting Files";
			sourceTree = "<group>";
		};
		D053D57A17FFA109001789A2 /* GTAVCheatsTests */ = {
			isa = PBXGroup;
			children = (
				D053D58017FFA109001789A2 /* GTAVCheatsTests.m */,
				D053D57B17FFA109001789A2 /* Supporting Files */,
			);
			path = GTAVCheatsTests;
			sourceTree = "<group>";
		};
		D053D57B17FFA109001789A2 /* Supporting Files */ = {
			isa = PBXGroup;
			children = (
				D053D57C17FFA109001789A2 /* GTAVCheatsTests-Info.plist */,
				D053D57D17FFA109001789A2 /* InfoPlist.strings */,
			);
			name = "Supporting Files";
			sourceTree = "<group>";
		};
/* End PBXGroup section */

/* Begin PBXNativeTarget section */
		D053D55117FFA108001789A2 /* GTAVCheats */ = {
			isa = PBXNativeTarget;
			buildConfigurationList = D053D58417FFA109001789A2 /* Build configuration list for PBXNativeTarget "GTAVCheats" */;
			buildPhases = (
				914B7F4ECE7C470EB1E3A1FD /* Check Pods Manifest.lock */,
				D053D54E17FFA108001789A2 /* Sources */,
				D053D54F17FFA108001789A2 /* Frameworks */,
				D053D55017FFA108001789A2 /* Resources */,
				3DC9367F05254691BD1725E5 /* Copy Pods Resources */,
			);
			buildRules = (
			);
			dependencies = (
			);
			name = GTAVCheats;
			productName = GTAVCheats;
			productReference = D053D55217FFA108001789A2 /* GTAVCheats.app */;
			productType = "com.apple.product-type.application";
		};
		D053D57217FFA109001789A2 /* GTAVCheatsTests */ = {
			isa = PBXNativeTarget;
			buildConfigurationList = D053D58717FFA109001789A2 /* Build configuration list for PBXNativeTarget "GTAVCheatsTests" */;
			buildPhases = (
				D053D56F17FFA109001789A2 /* Sources */,
				D053D57017FFA109001789A2 /* Frameworks */,
				D053D57117FFA109001789A2 /* Resources */,
			);
			buildRules = (
			);
			dependencies = (
				D053D57917FFA109001789A2 /* PBXTargetDependency */,
			);
			name = GTAVCheatsTests;
			productName = GTAVCheatsTests;
			productReference = D053D57317FFA109001789A2 /* GTAVCheatsTests.xctest */;
			productType = "com.apple.product-type.bundle.unit-test";
		};
/* End PBXNativeTarget section */

/* Begin PBXProject section */
		D053D54A17FFA108001789A2 /* Project object */ = {
			isa = PBXProject;
			attributes = {
				CLASSPREFIX = GTA;
				LastUpgradeCheck = 0500;
				ORGANIZATIONNAME = "Ty Lacock";
				TargetAttributes = {
					D053D55117FFA108001789A2 = {
						DevelopmentTeam = AVDPSHZ74E;
					};
					D053D57217FFA109001789A2 = {
						TestTargetID = D053D55117FFA108001789A2;
					};
				};
			};
			buildConfigurationList = D053D54D17FFA108001789A2 /* Build configuration list for PBXProject "GTAVCheats" */;
			compatibilityVersion = "Xcode 3.2";
			developmentRegion = English;
			hasScannedForEncodings = 0;
			knownRegions = (
				en,
				Base,
			);
			mainGroup = D053D54917FFA108001789A2;
			productRefGroup = D053D55317FFA108001789A2 /* Products */;
			projectDirPath = "";
			projectRoot = "";
			targets = (
				D053D55117FFA108001789A2 /* GTAVCheats */,
				D053D57217FFA109001789A2 /* GTAVCheatsTests */,
			);
		};
/* End PBXProject section */

/* Begin PBXResourcesBuildPhase section */
		D053D55017FFA108001789A2 /* Resources */ = {
			isa = PBXResourcesBuildPhase;
			buildActionMask = 2147483647;
			files = (
				D08A7BB81810BD8200A0D7ED /* doc.png in Resources */,
				D08A7BB01810BD1C00A0D7ED /* p.png in Resources */,
				D006C24C1820A752002525B1 /* pricedown.otf in Resources */,
				D08F49571806388D009573B9 /* gta5.jpg in Resources */,
				D08A7BB51810BD2600A0D7ED /* x@2x.png in Resources */,
				D08A7BB91810BD8200A0D7ED /* doc@2x.png in Resources */,
				D08A7BB41810BD2600A0D7ED /* x.png in Resources */,
				D08A7BB11810BD1C00A0D7ED /* p@2x.png in Resources */,
				D08F495918064303009573B9 /* gta5small.jpg in Resources */,
				D006C24E1820AB05002525B1 /* v-logo.png in Resources */,
				D053D56E17FFA109001789A2 /* Images.xcassets in Resources */,
				D08A7BAB1810BCB500A0D7ED /* i.png in Resources */,
				D08A7BAD1810BCDB00A0D7ED /* i@2x.png in Resources */,
				D053D56017FFA108001789A2 /* InfoPlist.strings in Resources */,
				D053D56917FFA109001789A2 /* Main.storyboard in Resources */,
			);
			runOnlyForDeploymentPostprocessing = 0;
		};
		D053D57117FFA109001789A2 /* Resources */ = {
			isa = PBXResourcesBuildPhase;
			buildActionMask = 2147483647;
			files = (
				D053D57F17FFA109001789A2 /* InfoPlist.strings in Resources */,
			);
			runOnlyForDeploymentPostprocessing = 0;
		};
/* End PBXResourcesBuildPhase section */

/* Begin PBXShellScriptBuildPhase section */
		3DC9367F05254691BD1725E5 /* Copy Pods Resources */ = {
			isa = PBXShellScriptBuildPhase;
			buildActionMask = 2147483647;
			files = (
			);
			inputPaths = (
			);
			name = "Copy Pods Resources";
			outputPaths = (
			);
			runOnlyForDeploymentPostprocessing = 0;
			shellPath = /bin/sh;
			shellScript = "\"${SRCROOT}/Pods/Pods-resources.sh\"\n";
			showEnvVarsInLog = 0;
		};
		914B7F4ECE7C470EB1E3A1FD /* Check Pods Manifest.lock */ = {
			isa = PBXShellScriptBuildPhase;
			buildActionMask = 2147483647;
			files = (
			);
			inputPaths = (
			);
			name = "Check Pods Manifest.lock";
			outputPaths = (
			);
			runOnlyForDeploymentPostprocessing = 0;
			shellPath = /bin/sh;
			shellScript = "diff \"${PODS_ROOT}/../Podfile.lock\" \"${PODS_ROOT}/Manifest.lock\" > /dev/null\nif [[ $? != 0 ]] ; then\n    cat << EOM\nerror: The sandbox is not in sync with the Podfile.lock. Run 'pod install' or update your CocoaPods installation.\nEOM\n    exit 1\nfi\n";
			showEnvVarsInLog = 0;
		};
/* End PBXShellScriptBuildPhase section */

/* Begin PBXSourcesBuildPhase section */
		D053D54E17FFA108001789A2 /* Sources */ = {
			isa = PBXSourcesBuildPhase;
			buildActionMask = 2147483647;
			files = (
				D053D56217FFA108001789A2 /* main.m in Sources */,
				D053D56C17FFA109001789A2 /* GTAViewController.m in Sources */,
				D053D56617FFA109001789A2 /* GTAAppDelegate.m in Sources */,
				D053D58C17FFCEEB001789A2 /* PS3ViewController.m in Sources */,
				D053D58F17FFCF6E001789A2 /* CheatDetailViewController.m in Sources */,
			);
			runOnlyForDeploymentPostprocessing = 0;
		};
		D053D56F17FFA109001789A2 /* Sources */ = {
			isa = PBXSourcesBuildPhase;
			buildActionMask = 2147483647;
			files = (
				D053D58117FFA109001789A2 /* GTAVCheatsTests.m in Sources */,
			);
			runOnlyForDeploymentPostprocessing = 0;
		};
/* End PBXSourcesBuildPhase section */

/* Begin PBXTargetDependency section */
		D053D57917FFA109001789A2 /* PBXTargetDependency */ = {
			isa = PBXTargetDependency;
			target = D053D55117FFA108001789A2 /* GTAVCheats */;
			targetProxy = D053D57817FFA109001789A2 /* PBXContainerItemProxy */;
		};
/* End PBXTargetDependency section */

/* Begin PBXVariantGroup section */
		D053D55E17FFA108001789A2 /* InfoPlist.strings */ = {
			isa = PBXVariantGroup;
			children = (
				D053D55F17FFA108001789A2 /* en */,
			);
			name = InfoPlist.strings;
			sourceTree = "<group>";
		};
		D053D56717FFA109001789A2 /* Main.storyboard */ = {
			isa = PBXVariantGroup;
			children = (
				D053D56817FFA109001789A2 /* Base */,
			);
			name = Main.storyboard;
			sourceTree = "<group>";
		};
		D053D57D17FFA109001789A2 /* InfoPlist.strings */ = {
			isa = PBXVariantGroup;
			children = (
				D053D57E17FFA109001789A2 /* en */,
			);
			name = InfoPlist.strings;
			sourceTree = "<group>";
		};
/* End PBXVariantGroup section */

/* Begin XCBuildConfiguration section */
		D053D58217FFA109001789A2 /* Debug */ = {
			isa = XCBuildConfiguration;
			buildSettings = {
				ALWAYS_SEARCH_USER_PATHS = NO;
				ARCHS = "$(ARCHS_STANDARD_INCLUDING_64_BIT)";
				CLANG_CXX_LANGUAGE_STANDARD = "gnu++0x";
				CLANG_CXX_LIBRARY = "libc++";
				CLANG_ENABLE_MODULES = YES;
				CLANG_ENABLE_OBJC_ARC = YES;
				CLANG_WARN_BOOL_CONVERSION = YES;
				CLANG_WARN_CONSTANT_CONVERSION = YES;
				CLANG_WARN_DIRECT_OBJC_ISA_USAGE = YES_ERROR;
				CLANG_WARN_EMPTY_BODY = YES;
				CLANG_WARN_ENUM_CONVERSION = YES;
				CLANG_WARN_INT_CONVERSION = YES;
				CLANG_WARN_OBJC_ROOT_CLASS = YES_ERROR;
				CLANG_WARN__DUPLICATE_METHOD_MATCH = YES;
				"CODE_SIGN_IDENTITY[sdk=iphoneos*]" = "iPhone Developer";
				COPY_PHASE_STRIP = NO;
				GCC_C_LANGUAGE_STANDARD = gnu99;
				GCC_DYNAMIC_NO_PIC = NO;
				GCC_OPTIMIZATION_LEVEL = 0;
				GCC_PREPROCESSOR_DEFINITIONS = (
					"DEBUG=1",
					"$(inherited)",
				);
				GCC_SYMBOLS_PRIVATE_EXTERN = NO;
				GCC_WARN_64_TO_32_BIT_CONVERSION = YES;
				GCC_WARN_ABOUT_RETURN_TYPE = YES_ERROR;
				GCC_WARN_UNDECLARED_SELECTOR = YES;
				GCC_WARN_UNINITIALIZED_AUTOS = YES;
				GCC_WARN_UNUSED_FUNCTION = YES;
				GCC_WARN_UNUSED_VARIABLE = YES;
				IPHONEOS_DEPLOYMENT_TARGET = 7.0;
				ONLY_ACTIVE_ARCH = YES;
				SDKROOT = iphoneos;
			};
			name = Debug;
		};
		D053D58317FFA109001789A2 /* Release */ = {
			isa = XCBuildConfiguration;
			buildSettings = {
				ALWAYS_SEARCH_USER_PATHS = NO;
				ARCHS = "$(ARCHS_STANDARD_INCLUDING_64_BIT)";
				CLANG_CXX_LANGUAGE_STANDARD = "gnu++0x";
				CLANG_CXX_LIBRARY = "libc++";
				CLANG_ENABLE_MODULES = YES;
				CLANG_ENABLE_OBJC_ARC = YES;
				CLANG_WARN_BOOL_CONVERSION = YES;
				CLANG_WARN_CONSTANT_CONVERSION = YES;
				CLANG_WARN_DIRECT_OBJC_ISA_USAGE = YES_ERROR;
				CLANG_WARN_EMPTY_BODY = YES;
				CLANG_WARN_ENUM_CONVERSION = YES;
				CLANG_WARN_INT_CONVERSION = YES;
				CLANG_WARN_OBJC_ROOT_CLASS = YES_ERROR;
				CLANG_WARN__DUPLICATE_METHOD_MATCH = YES;
				"CODE_SIGN_IDENTITY[sdk=iphoneos*]" = "iPhone Developer";
				COPY_PHASE_STRIP = YES;
				ENABLE_NS_ASSERTIONS = NO;
				GCC_C_LANGUAGE_STANDARD = gnu99;
				GCC_WARN_64_TO_32_BIT_CONVERSION = YES;
				GCC_WARN_ABOUT_RETURN_TYPE = YES_ERROR;
				GCC_WARN_UNDECLARED_SELECTOR = YES;
				GCC_WARN_UNINITIALIZED_AUTOS = YES;
				GCC_WARN_UNUSED_FUNCTION = YES;
				GCC_WARN_UNUSED_VARIABLE = YES;
				IPHONEOS_DEPLOYMENT_TARGET = 7.0;
				SDKROOT = iphoneos;
				VALIDATE_PRODUCT = YES;
			};
			name = Release;
		};
		D053D58517FFA109001789A2 /* Debug */ = {
			isa = XCBuildConfiguration;
			baseConfigurationReference = B261EBA7F19B4E81894072F9 /* Pods.xcconfig */;
			buildSettings = {
				ASSETCATALOG_COMPILER_APPICON_NAME = AppIcon;
				ASSETCATALOG_COMPILER_LAUNCHIMAGE_NAME = LaunchImage;
				CODE_SIGN_IDENTITY = "iPhone Developer";
				GCC_PRECOMPILE_PREFIX_HEADER = YES;
				GCC_PREFIX_HEADER = "GTAVCheats/GTAVCheats-Prefix.pch";
				INFOPLIST_FILE = "GTAVCheats/GTAVCheats-Info.plist";
				PRODUCT_NAME = "$(TARGET_NAME)";
				WRAPPER_EXTENSION = app;
			};
			name = Debug;
		};
		D053D58617FFA109001789A2 /* Release */ = {
			isa = XCBuildConfiguration;
			baseConfigurationReference = B261EBA7F19B4E81894072F9 /* Pods.xcconfig */;
			buildSettings = {
				ASSETCATALOG_COMPILER_APPICON_NAME = AppIcon;
				ASSETCATALOG_COMPILER_LAUNCHIMAGE_NAME = LaunchImage;
				CODE_SIGN_IDENTITY = "iPhone Developer";
				GCC_PRECOMPILE_PREFIX_HEADER = YES;
				GCC_PREFIX_HEADER = "GTAVCheats/GTAVCheats-Prefix.pch";
				INFOPLIST_FILE = "GTAVCheats/GTAVCheats-Info.plist";
				PRODUCT_NAME = "$(TARGET_NAME)";
				WRAPPER_EXTENSION = app;
			};
			name = Release;
		};
		D053D58817FFA109001789A2 /* Debug */ = {
			isa = XCBuildConfiguration;
			buildSettings = {
				ARCHS = "$(ARCHS_STANDARD_INCLUDING_64_BIT)";
				BUNDLE_LOADER = "$(BUILT_PRODUCTS_DIR)/GTAVCheats.app/GTAVCheats";
				FRAMEWORK_SEARCH_PATHS = (
					"$(SDKROOT)/Developer/Library/Frameworks",
					"$(inherited)",
					"$(DEVELOPER_FRAMEWORKS_DIR)",
				);
				GCC_PRECOMPILE_PREFIX_HEADER = YES;
				GCC_PREFIX_HEADER = "GTAVCheats/GTAVCheats-Prefix.pch";
				GCC_PREPROCESSOR_DEFINITIONS = (
					"DEBUG=1",
					"$(inherited)",
				);
				INFOPLIST_FILE = "GTAVCheatsTests/GTAVCheatsTests-Info.plist";
				PRODUCT_NAME = "$(TARGET_NAME)";
				TEST_HOST = "$(BUNDLE_LOADER)";
				WRAPPER_EXTENSION = xctest;
			};
			name = Debug;
		};
		D053D58917FFA109001789A2 /* Release */ = {
			isa = XCBuildConfiguration;
			buildSettings = {
				ARCHS = "$(ARCHS_STANDARD_INCLUDING_64_BIT)";
				BUNDLE_LOADER = "$(BUILT_PRODUCTS_DIR)/GTAVCheats.app/GTAVCheats";
				FRAMEWORK_SEARCH_PATHS = (
					"$(SDKROOT)/Developer/Library/Frameworks",
					"$(inherited)",
					"$(DEVELOPER_FRAMEWORKS_DIR)",
				);
				GCC_PRECOMPILE_PREFIX_HEADER = YES;
				GCC_PREFIX_HEADER = "GTAVCheats/GTAVCheats-Prefix.pch";
				INFOPLIST_FILE = "GTAVCheatsTests/GTAVCheatsTests-Info.plist";
				PRODUCT_NAME = "$(TARGET_NAME)";
				TEST_HOST = "$(BUNDLE_LOADER)";
				WRAPPER_EXTENSION = xctest;
			};
			name = Release;
		};
/* End XCBuildConfiguration section */

/* Begin XCConfigurationList section */
		D053D54D17FFA108001789A2 /* Build configuration list for PBXProject "GTAVCheats" */ = {
			isa = XCConfigurationList;
			buildConfigurations = (
				D053D58217FFA109001789A2 /* Debug */,
				D053D58317FFA109001789A2 /* Release */,
			);
			defaultConfigurationIsVisible = 0;
			defaultConfigurationName = Release;
		};
		D053D58417FFA109001789A2 /* Build configuration list for PBXNativeTarget "GTAVCheats" */ = {
			isa = XCConfigurationList;
			buildConfigurations = (
				D053D58517FFA109001789A2 /* Debug */,
				D053D58617FFA109001789A2 /* Release */,
			);
			defaultConfigurationIsVisible = 0;
			defaultConfigurationName = Release;
		};
		D053D58717FFA109001789A2 /* Build configuration list for PBXNativeTarget "GTAVCheatsTests" */ = {
			isa = XCConfigurationList;
			buildConfigurations = (
				D053D58817FFA109001789A2 /* Debug */,
				D053D58917FFA109001789A2 /* Release */,
			);
			defaultConfigurationIsVisible = 0;
			defaultConfigurationName = Release;
		};
/* End XCConfigurationList section */
	};
	rootObject = D053D54A17FFA108001789A2 /* Project object */;
}
